packages:
  - completed:
      hackage: tinyfiledialogs-0.2.1.0@sha256:118f9fd7b721de68f1e84c8b820784e31140bf34e32f23fd6410fb57914a309c,1905
      pantry-tree:
        size: 482
        sha256: 518def606ee59dad71b77dec20a9dc55072bdd8fe2194a0ccfca2b2afee1767e
    original:
      hackage: tinyfiledialogs-0.2.1.0@sha256:118f9fd7b721de68f1e84c8b820784e31140bf34e32f23fd6410fb57914a309c,1905
  - completed:
      hackage: bitstring-0.0.0@sha256:7638c1c515d728a84507e33c830854cfd141a5bcabec6963e68f52baf27979e9,1248
      pantry-tree:
        size: 284
        sha256: 2006295f9a9943177952b9b0bfee7de96d5f86d8f989de7dd154159705fa2572
    original:
      hackage: bitstring-0.0.0@sha256:7638c1c515d728a84507e33c830854cfd141a5bcabec6963e68f52baf27979e9,1248
snapshots:
  - completed:
      size: 590822
      url: https://raw.githubusercontent.com/commercialhaskell/stackage-snapshots/master/nightly/2022/5/29.yaml
      sha256: a7d2c450e7578825f80601b9d244f2107d9cc708430e070d2978e15a97b5c6dc
    original:
      url: https://raw.githubusercontent.com/commercialhaskell/stackage-snapshots/master/nightly/2022/5/29.yaml
